# THIS IS AN AUTOGENERATED FILE. DO NOT EDIT THIS FILE DIRECTLY.
# yarn lockfile v1


asynckit@^0.4.0:
  version "0.4.0"
  resolved "https://repo.nju.edu.cn/repository/npm/asynckit/-/asynckit-0.4.0.tgz#c79ed97f7f34cb8f2ba1bc9790bcc366474b4b79"

axios@^1.6.0:
  version "1.6.0"
  resolved "https://repo.nju.edu.cn/repository/npm/axios/-/axios-1.6.0.tgz#f1e5292f26b2fd5c2e66876adc5b06cdbd7d2102"
  dependencies:
    follow-redirects "^1.15.0"
    form-data "^4.0.0"
    proxy-from-env "^1.1.0"

boolbase@^1.0.0:
  version "1.0.0"
  resolved "https://repo.nju.edu.cn/repository/npm/boolbase/-/boolbase-1.0.0.tgz"

cheerio-select@^1.5.0:
  version "1.6.0"
  resolved "https://repo.nju.edu.cn/repository/npm/cheerio-select/-/cheerio-select-1.6.0.tgz"
  dependencies:
    css-select "^4.3.0"
    css-what "^6.0.1"
    domelementtype "^2.2.0"
    domhandler "^4.3.1"
    domutils "^2.8.0"

cheerio@^1.0.0-rc.3:
  version "1.0.0-rc.10"
  resolved "https://repo.nju.edu.cn/repository/npm/cheerio/-/cheerio-1.0.0-rc.10.tgz"
  dependencies:
    cheerio-select "^1.5.0"
    dom-serializer "^1.3.2"
    domhandler "^4.2.0"
    htmlparser2 "^6.1.0"
    parse5 "^6.0.1"
    parse5-htmlparser2-tree-adapter "^6.0.1"
    tslib "^2.2.0"

combined-stream@^1.0.8:
  version "1.0.8"
  resolved "https://repo.nju.edu.cn/repository/npm/combined-stream/-/combined-stream-1.0.8.tgz#c3d45a8b34fd730631a110a8a2520682b31d5a7f"
  dependencies:
    delayed-stream "~1.0.0"

css-select@^4.3.0:
  version "4.3.0"
  resolved "https://repo.nju.edu.cn/repository/npm/css-select/-/css-select-4.3.0.tgz"
  dependencies:
    boolbase "^1.0.0"
    css-what "^6.0.1"
    domhandler "^4.3.1"
    domutils "^2.8.0"
    nth-check "^2.0.1"

css-what@^6.0.1:
  version "6.1.0"
  resolved "https://repo.nju.edu.cn/repository/npm/css-what/-/css-what-6.1.0.tgz"

delayed-stream@~1.0.0:
  version "1.0.0"
  resolved "https://repo.nju.edu.cn/repository/npm/delayed-stream/-/delayed-stream-1.0.0.tgz#df3ae199acadfb7d440aaae0b29e2272b24ec619"

dom-serializer@^1.0.1, dom-serializer@^1.3.2:
  version "1.4.1"
  resolved "https://repo.nju.edu.cn/repository/npm/dom-serializer/-/dom-serializer-1.4.1.tgz"
  dependencies:
    domelementtype "^2.0.1"
    domhandler "^4.2.0"
    entities "^2.0.0"

domelementtype@^2.0.1, domelementtype@^2.2.0:
  version "2.3.0"
  resolved "https://repo.nju.edu.cn/repository/npm/domelementtype/-/domelementtype-2.3.0.tgz"

domhandler@^4.0.0, domhandler@^4.2.0, domhandler@^4.3.1:
  version "4.3.1"
  resolved "https://repo.nju.edu.cn/repository/npm/domhandler/-/domhandler-4.3.1.tgz"
  dependencies:
    domelementtype "^2.2.0"

domutils@^2.5.2, domutils@^2.8.0:
  version "2.8.0"
  resolved "https://repo.nju.edu.cn/repository/npm/domutils/-/domutils-2.8.0.tgz"
  dependencies:
    dom-serializer "^1.0.1"
    domelementtype "^2.2.0"
    domhandler "^4.2.0"

entities@^2.0.0:
  version "2.2.0"
  resolved "https://repo.nju.edu.cn/repository/npm/entities/-/entities-2.2.0.tgz"

follow-redirects@^1.15.0:
  version "1.15.3"
  resolved "https://repo.nju.edu.cn/repository/npm/follow-redirects/-/follow-redirects-1.15.3.tgz#fe2f3ef2690afce7e82ed0b44db08165b207123a"

form-data@^4.0.0:
  version "4.0.0"
  resolved "https://repo.nju.edu.cn/repository/npm/form-data/-/form-data-4.0.0.tgz#93919daeaf361ee529584b9b31664dc12c9fa452"
  dependencies:
    asynckit "^0.4.0"
    combined-stream "^1.0.8"
    mime-types "^2.1.12"

htmlparser2@^6.1.0:
  version "6.1.0"
  resolved "https://repo.nju.edu.cn/repository/npm/htmlparser2/-/htmlparser2-6.1.0.tgz"
  dependencies:
    domelementtype "^2.0.1"
    domhandler "^4.0.0"
    domutils "^2.5.2"
    entities "^2.0.0"

iconv-lite@^0.6.3:
  version "0.6.3"
  resolved "https://repo.nju.edu.cn/repository/npm/iconv-lite/-/iconv-lite-0.6.3.tgz"
  dependencies:
    safer-buffer ">= 2.1.2 < 3.0.0"

jschardet@^3.0.0:
  version "3.0.0"
  resolved "https://repo.nju.edu.cn/repository/npm/jschardet/-/jschardet-3.0.0.tgz"

microns@^1.0.6:
  version "1.0.11"
  resolved "https://repo.nju.edu.cn/repository/npm/microns/-/microns-1.0.11.tgz"

mime-db@1.52.0:
  version "1.52.0"
  resolved "https://repo.nju.edu.cn/repository/npm/mime-db/-/mime-db-1.52.0.tgz#bbabcdc02859f4987301c856e3387ce5ec43bf70"

mime-types@^2.1.12:
  version "2.1.35"
  resolved "https://repo.nju.edu.cn/repository/npm/mime-types/-/mime-types-2.1.35.tgz#381a871b62a734450660ae3deee44813f70d959a"
  dependencies:
    mime-db "1.52.0"

nth-check@^2.0.1:
  version "2.0.1"
  resolved "https://repo.nju.edu.cn/repository/npm/nth-check/-/nth-check-2.0.1.tgz"
  dependencies:
    boolbase "^1.0.0"

parse5-htmlparser2-tree-adapter@^6.0.1:
  version "6.0.1"
  resolved "https://repo.nju.edu.cn/repository/npm/parse5-htmlparser2-tree-adapter/-/parse5-htmlparser2-tree-adapter-6.0.1.tgz"
  dependencies:
    parse5 "^6.0.1"

parse5@^6.0.1:
  version "6.0.1"
  resolved "https://repo.nju.edu.cn/repository/npm/parse5/-/parse5-6.0.1.tgz"

proxy-from-env@^1.1.0:
  version "1.1.0"
  resolved "https://repo.nju.edu.cn/repository/npm/proxy-from-env/-/proxy-from-env-1.1.0.tgz#e102f16ca355424865755d2c9e8ea4f24d58c3e2"

"safer-buffer@>= 2.1.2 < 3.0.0":
  version "2.1.2"
  resolved "https://repo.nju.edu.cn/repository/npm/safer-buffer/-/safer-buffer-2.1.2.tgz"

tslib@^2.2.0:
  version "2.3.1"
  resolved "https://repo.nju.edu.cn/repository/npm/tslib/-/tslib-2.3.1.tgz"
